
Microsoft Visual Studio Solution File, Format Version 12.00
# Visual Studio Version 17
VisualStudioVersion = 17.8.34316.72
MinimumVisualStudioVersion = 10.0.40219.1
Project("{9A19103F-16F7-4668-BE54-9A1E7A4F7556}") = "APi_Ex1", "APi_Ex1.csproj", "{C7156204-DC62-4E08-A6DC-433C76ABF557}"
EndProject
Project("{FAE04EC0-301F-11D3-BF4B-00C04F79EFBC}") = "ContextoBd", "..\ContextoBd\ContextoBd.csproj", "{7BAAF5BC-647E-4576-B859-375186FDD387}"
EndProject
Project("{FAE04EC0-301F-11D3-BF4B-00C04F79EFBC}") = "Services_DependencyInjection", "..\Services_DependencyInjection\Services_DependencyInjection.csproj", "{81938083-6301-46F5-80F0-BE58ADD4AAB9}"
EndProject
Project("{FAE04EC0-301F-11D3-BF4B-00C04F79EFBC}") = "Infradata.Domain_", "..\Infradata.Domain_\Infradata.Domain_.csproj", "{CDF753F8-9A86-404D-B9E4-CDFE4A871C7F}"
EndProject
Global
	GlobalSection(SolutionConfigurationPlatforms) = preSolution
		Debug|Any CPU = Debug|Any CPU
		Release|Any CPU = Release|Any CPU
	EndGlobalSection
	GlobalSection(ProjectConfigurationPlatforms) = postSolution
		{C7156204-DC62-4E08-A6DC-433C76ABF557}.Debug|Any CPU.ActiveCfg = Debug|Any CPU
		{C7156204-DC62-4E08-A6DC-433C76ABF557}.Debug|Any CPU.Build.0 = Debug|Any CPU
		{C7156204-DC62-4E08-A6DC-433C76ABF557}.Release|Any CPU.ActiveCfg = Release|Any CPU
		{C7156204-DC62-4E08-A6DC-433C76ABF557}.Release|Any CPU.Build.0 = Release|Any CPU
		{7BAAF5BC-647E-4576-B859-375186FDD387}.Debug|Any CPU.ActiveCfg = Debug|Any CPU
		{7BAAF5BC-647E-4576-B859-375186FDD387}.Debug|Any CPU.Build.0 = Debug|Any CPU
		{7BAAF5BC-647E-4576-B859-375186FDD387}.Release|Any CPU.ActiveCfg = Release|Any CPU
		{7BAAF5BC-647E-4576-B859-375186FDD387}.Release|Any CPU.Build.0 = Release|Any CPU
		{81938083-6301-46F5-80F0-BE58ADD4AAB9}.Debug|Any CPU.ActiveCfg = Debug|Any CPU
		{81938083-6301-46F5-80F0-BE58ADD4AAB9}.Debug|Any CPU.Build.0 = Debug|Any CPU
		{81938083-6301-46F5-80F0-BE58ADD4AAB9}.Release|Any CPU.ActiveCfg = Release|Any CPU
		{81938083-6301-46F5-80F0-BE58ADD4AAB9}.Release|Any CPU.Build.0 = Release|Any CPU
		{CDF753F8-9A86-404D-B9E4-CDFE4A871C7F}.Debug|Any CPU.ActiveCfg = Debug|Any CPU
		{CDF753F8-9A86-404D-B9E4-CDFE4A871C7F}.Debug|Any CPU.Build.0 = Debug|Any CPU
		{CDF753F8-9A86-404D-B9E4-CDFE4A871C7F}.Release|Any CPU.ActiveCfg = Release|Any CPU
		{CDF753F8-9A86-404D-B9E4-CDFE4A871C7F}.Release|Any CPU.Build.0 = Release|Any CPU
	EndGlobalSection
	GlobalSection(SolutionProperties) = preSolution
		HideSolutionNode = FALSE
	EndGlobalSection
	GlobalSection(ExtensibilityGlobals) = postSolution
		SolutionGuid = {A1387AEA-77A8-4C72-809A-607AD382CB1A}
	EndGlobalSection
EndGlobal
